
Microsoft Visual Studio Solution File, Format Version 12.00
# Visual Studio 15
VisualStudioVersion = 15.0.26228.12
MinimumVisualStudioVersion = 10.0.40219.1
Project("{F2A71F9B-5D33-465A-A702-920D77279786}") = "MyTypeProvider.Tests", "tests\MyTypeProvider.Tests\MyTypeProvider.Tests.fsproj", "{701F14F4-C2C5-46F0-A014-657769FEDADB}"
EndProject
Project("{F2A71F9B-5D33-465A-A702-920D77279786}") = "Library.Profile259", "tests\Library.Profile259\Library.Profile259.fsproj", "{953EEDFF-B322-4635-9F45-825F0B099301}"
EndProject
Project("{2150E333-8FDC-42A3-9474-1A3956D46DE8}") = ".paket", ".paket", "{3BDEFE41-F339-417D-8039-66231B61FE64}"
	ProjectSection(SolutionItems) = preProject
		paket.dependencies = paket.dependencies
		paket.lock = paket.lock
	EndProjectSection
EndProject
Global
	GlobalSection(SolutionConfigurationPlatforms) = preSolution
		Debug|Any CPU = Debug|Any CPU
		Release|Any CPU = Release|Any CPU
	EndGlobalSection
	GlobalSection(ProjectConfigurationPlatforms) = postSolution
		{701F14F4-C2C5-46F0-A014-657769FEDADB}.Debug|Any CPU.ActiveCfg = Debug|Any CPU
		{701F14F4-C2C5-46F0-A014-657769FEDADB}.Debug|Any CPU.Build.0 = Debug|Any CPU
		{701F14F4-C2C5-46F0-A014-657769FEDADB}.Release|Any CPU.ActiveCfg = Release|Any CPU
		{701F14F4-C2C5-46F0-A014-657769FEDADB}.Release|Any CPU.Build.0 = Release|Any CPU
		{953EEDFF-B322-4635-9F45-825F0B099301}.Debug|Any CPU.ActiveCfg = Debug|Any CPU
		{953EEDFF-B322-4635-9F45-825F0B099301}.Debug|Any CPU.Build.0 = Debug|Any CPU
		{953EEDFF-B322-4635-9F45-825F0B099301}.Release|Any CPU.ActiveCfg = Release|Any CPU
		{953EEDFF-B322-4635-9F45-825F0B099301}.Release|Any CPU.Build.0 = Release|Any CPU
	EndGlobalSection
	GlobalSection(SolutionProperties) = preSolution
		HideSolutionNode = FALSE
	EndGlobalSection
EndGlobal
